{
  "name": "backend",
  "version": "1.0.0",
  "lockfileVersion": 1,
  "requires": true,
  "dependencies": {
    "sqlite": {
      "version": "4.0.15",
      "resolved": "https://registry.npmjs.org/sqlite/-/sqlite-4.0.15.tgz",
      "integrity": "sha512-irPPTrbVoDvwzRGpe0v8vxpNwMl+q0tXQzffQTcCUnaJzQFO0hfLLvFwGDKxd6vYBuvEr3uvPkObVoGOvVsmzA=="
    }
  }
}
